
Microsoft Visual Studio Solution File, Format Version 12.00
# Visual Studio Version 17
VisualStudioVersion = 17.9.34723.18
MinimumVisualStudioVersion = 10.0.40219.1
Project("{FAE04EC0-301F-11D3-BF4B-00C04F79EFBC}") = "DesignPatterns", "DesignPatterns\DesignPatterns.csproj", "{9E0F99A7-1744-45DE-91E3-B5511AF9F2F6}"
EndProject
Global
	GlobalSection(SolutionConfigurationPlatforms) = preSolution
		Debug|Any CPU = Debug|Any CPU
		Release|Any CPU = Release|Any CPU
	EndGlobalSection
	GlobalSection(ProjectConfigurationPlatforms) = postSolution
		{9E0F99A7-1744-45DE-91E3-B5511AF9F2F6}.Debug|Any CPU.ActiveCfg = Debug|Any CPU
		{9E0F99A7-1744-45DE-91E3-B5511AF9F2F6}.Debug|Any CPU.Build.0 = Debug|Any CPU
		{9E0F99A7-1744-45DE-91E3-B5511AF9F2F6}.Release|Any CPU.ActiveCfg = Release|Any CPU
		{9E0F99A7-1744-45DE-91E3-B5511AF9F2F6}.Release|Any CPU.Build.0 = Release|Any CPU
	EndGlobalSection
	GlobalSection(SolutionProperties) = preSolution
		HideSolutionNode = FALSE
	EndGlobalSection
	GlobalSection(ExtensibilityGlobals) = postSolution
		SolutionGuid = {E330B2B3-DB6C-4DB0-A0DB-C668A6DCAEB0}
	EndGlobalSection
EndGlobal
